
Microsoft Visual Studio Solution File, Format Version 10.00
# Visual Studio 2008
Project("{FAE04EC0-301F-11D3-BF4B-00C04F79EFBC}") = "Droog.DuckPond", "Droog.DuckPond\Droog.DuckPond.csproj", "{3D25AEA9-965E-4D03-9191-AA90A456CC62}"
EndProject
Project("{FAE04EC0-301F-11D3-BF4B-00C04F79EFBC}") = "Droog.DuckPond.Test", "Droog.DuckPond.Test\Droog.DuckPond.Test.csproj", "{5738CA4E-885A-486A-87F8-BC761C059FBC}"
EndProject
Global
	GlobalSection(SolutionConfigurationPlatforms) = preSolution
		Debug|Any CPU = Debug|Any CPU
		Release|Any CPU = Release|Any CPU
	EndGlobalSection
	GlobalSection(ProjectConfigurationPlatforms) = postSolution
		{3D25AEA9-965E-4D03-9191-AA90A456CC62}.Debug|Any CPU.ActiveCfg = Debug|Any CPU
		{3D25AEA9-965E-4D03-9191-AA90A456CC62}.Debug|Any CPU.Build.0 = Debug|Any CPU
		{3D25AEA9-965E-4D03-9191-AA90A456CC62}.Release|Any CPU.ActiveCfg = Release|Any CPU
		{3D25AEA9-965E-4D03-9191-AA90A456CC62}.Release|Any CPU.Build.0 = Release|Any CPU
		{5738CA4E-885A-486A-87F8-BC761C059FBC}.Debug|Any CPU.ActiveCfg = Debug|Any CPU
		{5738CA4E-885A-486A-87F8-BC761C059FBC}.Debug|Any CPU.Build.0 = Debug|Any CPU
		{5738CA4E-885A-486A-87F8-BC761C059FBC}.Release|Any CPU.ActiveCfg = Release|Any CPU
		{5738CA4E-885A-486A-87F8-BC761C059FBC}.Release|Any CPU.Build.0 = Release|Any CPU
	EndGlobalSection
	GlobalSection(SolutionProperties) = preSolution
		HideSolutionNode = FALSE
	EndGlobalSection
EndGlobal
